{
  "version": "4",
  "specifiers": {
    "jsr:@std/assert@1.0.14": "1.0.14",
    "jsr:@std/internal@^1.0.10": "1.0.14",
    "npm:@supabase/supabase-js@2.87.1": "2.87.1",
    "npm:fast-png@6.4.0": "6.4.0"
  },
  "jsr": {
    "@std/assert@1.0.14": {
      "integrity": "68d0d4a43b365abc927f45a9b85c639ea18a9fab96ad92281e493e4ed84abaa4",
      "dependencies": [
        "jsr:@std/internal"
      ]
    },
    "@std/internal@1.0.14": {
      "integrity": "291516b3d4c35024d6ffbc0a9df5bf4c64116e05b50012cf846710152d2ffdf7"
    }
  },
  "npm": {
    "@supabase/auth-js@2.87.1": {
      "integrity": "sha512-6RDeOf5TVoaXFtEstN188ykp3pXLZaU9qoAWfx8dc50FFAAqt+kcFJ96V0IvSmcpb4mDAWcpTJ7BegmVDn/WIw==",
      "dependencies": [
        "tslib"
      ]
    },
    "@supabase/functions-js@2.87.1": {
      "integrity": "sha512-rWmYo4gRD0XAjMhYDlz7IH67bp4TIQ1UE4VqwIQtl1gGPwtLDq6wcRnu7jLKlXx0Gtrknw/eoiHYG9//XrCTzQ==",
      "dependencies": [
        "tslib"
      ]
    },
    "@supabase/postgrest-js@2.87.1": {
      "integrity": "sha512-Yzu5eL3iGmZW0C/8x+vEojAOou63FI9oVw8HI8YOq63+5yM8g8aGh7Y1E2vbXFb7+gHGsPqLnaC6dPhrYt7qBA==",
      "dependencies": [
        "tslib"
      ]
    },
    "@supabase/realtime-js@2.87.1": {
      "integrity": "sha512-XvLtEznxmYZXA7LYuy5zbSXpSYjDLJq2wQeRh3MzON2OR4U8Kq+RtPz2E2Wi8HEzvBfsc+nNu1TG8LQ9+3DRkA==",
      "dependencies": [
        "@types/phoenix",
        "@types/ws",
        "tslib",
        "ws"
      ]
    },
    "@supabase/storage-js@2.87.1": {
      "integrity": "sha512-0Uc8tNV4yzkNNmp1inpXru0RB4a7ECq05G2S6BDvSpMxTxJrDVJ4vVDwyhqB8ZZ+O9+8prHaQYoByQeuDnwpFQ==",
      "dependencies": [
        "iceberg-js",
        "tslib"
      ]
    },
    "@supabase/supabase-js@2.87.1": {
      "integrity": "sha512-tVgqZqnHZVum584KuUKSQZgcy6ZkhVd6gG8QWg2QfIXH9HmXdamauxdVsLXwaNPJxEdOyfAfwIyi5XUsiVYWtg==",
      "dependencies": [
        "@supabase/auth-js",
        "@supabase/functions-js",
        "@supabase/postgrest-js",
        "@supabase/realtime-js",
        "@supabase/storage-js"
      ]
    },
    "@types/node@22.12.0": {
      "integrity": "sha512-Fll2FZ1riMjNmlmJOdAyY5pUbkftXslB5DgEzlIuNaiWhXd00FhWxVC/r4yV/4wBb9JfImTu+jiSvXTkJ7F/gA==",
      "dependencies": [
        "undici-types"
      ]
    },
    "@types/pako@2.0.4": {
      "integrity": "sha512-VWDCbrLeVXJM9fihYodcLiIv0ku+AlOa/TQ1SvYOaBuyrSKgEcro95LJyIsJ4vSo6BXIxOKxiJAat04CmST9Fw=="
    },
    "@types/phoenix@1.6.7": {
      "integrity": "sha512-oN9ive//QSBkf19rfDv45M7eZPi0eEXylht2OLEXicu5b4KoQ1OzXIw+xDSGWxSxe1JmepRR/ZH283vsu518/Q=="
    },
    "@types/ws@8.18.1": {
      "integrity": "sha512-ThVF6DCVhA8kUGy+aazFQ4kXQ7E1Ty7A3ypFOe0IcJV8O/M511G99AW24irKrW56Wt44yG9+ij8FaqoBGkuBXg==",
      "dependencies": [
        "@types/node"
      ]
    },
    "fast-png@6.4.0": {
      "integrity": "sha512-kAqZq1TlgBjZcLr5mcN6NP5Rv4V2f22z00c3g8vRrwkcqjerx7BEhPbOnWCPqaHUl2XWQBJQvOT/FQhdMT7X/Q==",
      "dependencies": [
        "@types/pako",
        "iobuffer",
        "pako"
      ]
    },
    "iceberg-js@0.8.1": {
      "integrity": "sha512-1dhVQZXhcHje7798IVM+xoo/1ZdVfzOMIc8/rgVSijRK38EDqOJoGula9N/8ZI5RD8QTxNQtK/Gozpr+qUqRRA=="
    },
    "iobuffer@5.4.0": {
      "integrity": "sha512-DRebOWuqDvxunfkNJAlc3IzWIPD5xVxwUNbHr7xKB8E6aLJxIPfNX3CoMJghcFjpv6RWQsrcJbghtEwSPoJqMA=="
    },
    "pako@2.2.0": {
      "integrity": "sha512-zJq6RP/5q+TO2OpFV3FHzlPnFjmkb7Nc99a5SNjJE+uu/PkpChs+NIZSSzbBoD+6kjiISXjfYdwj1ZRQ81dz/w=="
    },
    "tslib@2.8.1": {
      "integrity": "sha512-oJFu94HQb+KVduSUQL7wnpmqnfmLsOA/nAh6b6EH0wCEoK0/mPeXU6c3wKDV83MkOuHPRHtSXKKU99IBazS/2w=="
    },
    "undici-types@6.20.0": {
      "integrity": "sha512-Ny6QZ2Nju20vw1SRHe3d9jVu6gJ+4e3+MMpqu7pqE5HT6WsTSlce++GQmK5UXS8mzV8DSYHrQH+Xrf2jVcuKNg=="
    },
    "ws@8.21.1": {
      "integrity": "sha512-+0NTnW77fFN/DjQi6k/Sq/Yvk4Sgajw7urW8V+asjXnRgDs9gyGkdb7EzgfhA4goXsRIZKE28fzIXBHEzhuiWw=="
    }
  },
  "workspace": {
    "dependencies": [
      "jsr:@std/assert@1.0.14",
      "npm:@supabase/supabase-js@2.87.1",
      "npm:fast-png@6.4.0"
    ]
  }
}
